// !$*UTF8*$!
{
	archiveVersion = 1;
	classes = {
	};
	objectVersion = 46;
	objects = {

/* Begin PBXBuildFile section */
		BBC38D761A9D826400CD4552 /* main.m in Sources */ = {isa = PBXBuildFile; fileRef = BBC38D751A9D826400CD4552 /* main.m */; };
		BBC38D791A9D826400CD4552 /* AppDelegate.m in Sources */ = {isa = PBXBuildFile; fileRef = BBC38D781A9D826400CD4552 /* AppDelegate.m */; };
		BBC38D7C1A9D826400CD4552 /* Coding_James.xcdatamodeld in Sources */ = {isa = PBXBuildFile; fileRef = BBC38D7A1A9D826400CD4552 /* Coding_James.xcdatamodeld */; };
		BBC38D7F1A9D826400CD4552 /* ViewController.m in Sources */ = {isa = PBXBuildFile; fileRef = BBC38D7E1A9D826400CD4552 /* ViewController.m */; };
		BBC38D821A9D826400CD4552 /* Main.storyboard in Resources */ = {isa = PBXBuildFile; fileRef = BBC38D801A9D826400CD4552 /* Main.storyboard */; };
		BBC38D841A9D826400CD4552 /* Images.xcassets in Resources */ = {isa = PBXBuildFile; fileRef = BBC38D831A9D826400CD4552 /* Images.xcassets */; };
		BBC38D871A9D826400CD4552 /* LaunchScreen.xib in Resources */ = {isa = PBXBuildFile; fileRef = BBC38D851A9D826400CD4552 /* LaunchScreen.xib */; };
		BBC38D931A9D826400CD4552 /* Coding_JamesTests.m in Sources */ = {isa = PBXBuildFile; fileRef = BBC38D921A9D826400CD4552 /* Coding_JamesTests.m */; };
/* End PBXBuildFile section */

/* Begin PBXContainerItemProxy section */
		BBC38D8D1A9D826400CD4552 /* PBXContainerItemProxy */ = {
			isa = PBXContainerItemProxy;
			containerPortal = BBC38D681A9D826400CD4552 /* Project object */;
			proxyType = 1;
			remoteGlobalIDString = BBC38D6F1A9D826400CD4552;
			remoteInfo = Coding_James;
		};
/* End PBXContainerItemProxy section */

/* Begin PBXFileReference section */
		BBC38D701A9D826400CD4552 /* Coding_James.app */ = {isa = PBXFileReference; explicitFileType = wrapper.application; includeInIndex = 0; path = Coding_James.app; sourceTree = BUILT_PRODUCTS_DIR; };
		BBC38D741A9D826400CD4552 /* Info.plist */ = {isa = PBXFileReference; lastKnownFileType = text.plist.xml; path = Info.plist; sourceTree = "<group>"; };
		BBC38D751A9D826400CD4552 /* main.m */ = {isa = PBXFileReference; lastKnownFileType = sourcecode.c.objc; path = main.m; sourceTree = "<group>"; };
		BBC38D771A9D826400CD4552 /* AppDelegate.h */ = {isa = PBXFileReference; lastKnownFileType = sourcecode.c.h; path = AppDelegate.h; sourceTree = "<group>"; };
		BBC38D781A9D826400CD4552 /* AppDelegate.m */ = {isa = PBXFileReference; lastKnownFileType = sourcecode.c.objc; path = AppDelegate.m; sourceTree = "<group>"; };
		BBC38D7B1A9D826400CD4552 /* Coding_James.xcdatamodel */ = {isa = PBXFileReference; lastKnownFileType = wrapper.xcdatamodel; path = Coding_James.xcdatamodel; sourceTree = "<group>"; };
		BBC38D7D1A9D826400CD4552 /* ViewController.h */ = {isa = PBXFileReference; lastKnownFileType = sourcecode.c.h; path = ViewController.h; sourceTree = "<group>"; };
		BBC38D7E1A9D826400CD4552 /* ViewController.m */ = {isa = PBXFileReference; lastKnownFileType = sourcecode.c.objc; path = ViewController.m; sourceTree = "<group>"; };
		BBC38D811A9D826400CD4552 /* Base */ = {isa = PBXFileReference; lastKnownFileType = file.storyboard; name = Base; path = Base.lproj/Main.storyboard; sourceTree = "<group>"; };
		BBC38D831A9D826400CD4552 /* Images.xcassets */ = {isa = PBXFileReference; lastKnownFileType = folder.assetcatalog; path = Images.xcassets; sourceTree = "<group>"; };
		BBC38D861A9D826400CD4552 /* Base */ = {isa = PBXFileReference; lastKnownFileType = file.xib; name = Base; path = Base.lproj/LaunchScreen.xib; sourceTree = "<group>"; };
		BBC38D8C1A9D826400CD4552 /* Coding_JamesTests.xctest */ = {isa = PBXFileReference; explicitFileType = wrapper.cfbundle; includeInIndex = 0; path = Coding_JamesTests.xctest; sourceTree = BUILT_PRODUCTS_DIR; };
		BBC38D911A9D826400CD4552 /* Info.plist */ = {isa = PBXFileReference; lastKnownFileType = text.plist.xml; path = Info.plist; sourceTree = "<group>"; };
		BBC38D921A9D826400CD4552 /* Coding_JamesTests.m */ = {isa = PBXFileReference; lastKnownFileType = sourcecode.c.objc; path = Coding_JamesTests.m; sourceTree = "<group>"; };
/* End PBXFileReference section */

/* Begin PBXFrameworksBuildPhase section */
		BBC38D6D1A9D826400CD4552 /* Frameworks */ = {
			isa = PBXFrameworksBuildPhase;
			buildActionMask = 2147483647;
			files = (
			);
			runOnlyForDeploymentPostprocessing = 0;
		};
		BBC38D891A9D826400CD4552 /* Frameworks */ = {
			isa = PBXFrameworksBuildPhase;
			buildActionMask = 2147483647;
			files = (
			);
			runOnlyForDeploymentPostprocessing = 0;
		};
/* End PBXFrameworksBuildPhase section */

/* Begin PBXGroup section */
		BBC38D671A9D826400CD4552 = {
			isa = PBXGroup;
			children = (
				BBC38D721A9D826400CD4552 /* Coding_James */,
				BBC38D8F1A9D826400CD4552 /* Coding_JamesTests */,
				BBC38D711A9D826400CD4552 /* Products */,
			);
			sourceTree = "<group>";
		};
		BBC38D711A9D826400CD4552 /* Products */ = {
			isa = PBXGroup;
			children = (
				BBC38D701A9D826400CD4552 /* Coding_James.app */,
				BBC38D8C1A9D826400CD4552 /* Coding_JamesTests.xctest */,
			);
			name = Products;
			sourceTree = "<group>";
		};
		BBC38D721A9D826400CD4552 /* Coding_James */ = {
			isa = PBXGroup;
			children = (
				BBC38D771A9D826400CD4552 /* AppDelegate.h */,
				BBC38D781A9D826400CD4552 /* AppDelegate.m */,
				BBC38D7D1A9D826400CD4552 /* ViewController.h */,
				BBC38D7E1A9D826400CD4552 /* ViewController.m */,
				BBC38D801A9D826400CD4552 /* Main.storyboard */,
				BBC38D831A9D826400CD4552 /* Images.xcassets */,
				BBC38D851A9D826400CD4552 /* LaunchScreen.xib */,
				BBC38D7A1A9D826400CD4552 /* Coding_James.xcdatamodeld */,
				BBC38D731A9D826400CD4552 /* Supporting Files */,
			);
			path = Coding_James;
			sourceTree = "<group>";
		};
		BBC38D731A9D826400CD4552 /* Supporting Files */ = {
			isa = PBXGroup;
			children = (
				BBC38D741A9D826400CD4552 /* Info.plist */,
				BBC38D751A9D826400CD4552 /* main.m */,
			);
			name = "Supporting Files";
			sourceTree = "<group>";
		};
		BBC38D8F1A9D826400CD4552 /* Coding_JamesTests */ = {
			isa = PBXGroup;
			children = (
				BBC38D921A9D826400CD4552 /* Coding_JamesTests.m */,
				BBC38D901A9D826400CD4552 /* Supporting Files */,
			);
			path = Coding_JamesTests;
			sourceTree = "<group>";
		};
		BBC38D901A9D826400CD4552 /* Supporting Files */ = {
			isa = PBXGroup;
			children = (
				BBC38D911A9D826400CD4552 /* Info.plist */,
			);
			name = "Supporting Files";
			sourceTree = "<group>";
		};
/* End PBXGroup section */

/* Begin PBXNativeTarget section */
		BBC38D6F1A9D826400CD4552 /* Coding_James */ = {
			isa = PBXNativeTarget;
			buildConfigurationList = BBC38D961A9D826400CD4552 /* Build configuration list for PBXNativeTarget "Coding_James" */;
			buildPhases = (
				BBC38D6C1A9D826400CD4552 /* Sources */,
				BBC38D6D1A9D826400CD4552 /* Frameworks */,
				BBC38D6E1A9D826400CD4552 /* Resources */,
			);
			buildRules = (
			);
			dependencies = (
			);
			name = Coding_James;
			productName = Coding_James;
			productReference = BBC38D701A9D826400CD4552 /* Coding_James.app */;
			productType = "com.apple.product-type.application";
		};
		BBC38D8B1A9D826400CD4552 /* Coding_JamesTests */ = {
			isa = PBXNativeTarget;
			buildConfigurationList = BBC38D991A9D826400CD4552 /* Build configuration list for PBXNativeTarget "Coding_JamesTests" */;
			buildPhases = (
				BBC38D881A9D826400CD4552 /* Sources */,
				BBC38D891A9D826400CD4552 /* Frameworks */,
				BBC38D8A1A9D826400CD4552 /* Resources */,
			);
			buildRules = (
			);
			dependencies = (
				BBC38D8E1A9D826400CD4552 /* PBXTargetDependency */,
			);
			name = Coding_JamesTests;
			productName = Coding_JamesTests;
			productReference = BBC38D8C1A9D826400CD4552 /* Coding_JamesTests.xctest */;
			productType = "com.apple.product-type.bundle.unit-test";
		};
/* End PBXNativeTarget section */

/* Begin PBXProject section */
		BBC38D681A9D826400CD4552 /* Project object */ = {
			isa = PBXProject;
			attributes = {
				LastUpgradeCheck = 0610;
				ORGANIZATIONNAME = 9tong;
				TargetAttributes = {
					BBC38D6F1A9D826400CD4552 = {
						CreatedOnToolsVersion = 6.1.1;
					};
					BBC38D8B1A9D826400CD4552 = {
						CreatedOnToolsVersion = 6.1.1;
						TestTargetID = BBC38D6F1A9D826400CD4552;
					};
				};
			};
			buildConfigurationList = BBC38D6B1A9D826400CD4552 /* Build configuration list for PBXProject "Coding_James" */;
			compatibilityVersion = "Xcode 3.2";
			developmentRegion = English;
			hasScannedForEncodings = 0;
			knownRegions = (
				en,
				Base,
			);
			mainGroup = BBC38D671A9D826400CD4552;
			productRefGroup = BBC38D711A9D826400CD4552 /* Products */;
			projectDirPath = "";
			projectRoot = "";
			targets = (
				BBC38D6F1A9D826400CD4552 /* Coding_James */,
				BBC38D8B1A9D826400CD4552 /* Coding_JamesTests */,
			);
		};
/* End PBXProject section */

/* Begin PBXResourcesBuildPhase section */
		BBC38D6E1A9D826400CD4552 /* Resources */ = {
			isa = PBXResourcesBuildPhase;
			buildActionMask = 2147483647;
			files = (
				BBC38D821A9D826400CD4552 /* Main.storyboard in Resources */,
				BBC38D871A9D826400CD4552 /* LaunchScreen.xib in Resources */,
				BBC38D841A9D826400CD4552 /* Images.xcassets in Resources */,
			);
			runOnlyForDeploymentPostprocessing = 0;
		};
		BBC38D8A1A9D826400CD4552 /* Resources */ = {
			isa = PBXResourcesBuildPhase;
			buildActionMask = 2147483647;
			files = (
			);
			runOnlyForDeploymentPostprocessing = 0;
		};
/* End PBXResourcesBuildPhase section */

/* Begin PBXSourcesBuildPhase section */
		BBC38D6C1A9D826400CD4552 /* Sources */ = {
			isa = PBXSourcesBuildPhase;
			buildActionMask = 2147483647;
			files = (
				BBC38D7C1A9D826400CD4552 /* Coding_James.xcdatamodeld in Sources */,
				BBC38D791A9D826400CD4552 /* AppDelegate.m in Sources */,
				BBC38D7F1A9D826400CD4552 /* ViewController.m in Sources */,
				BBC38D761A9D826400CD4552 /* main.m in Sources */,
			);
			runOnlyForDeploymentPostprocessing = 0;
		};
		BBC38D881A9D826400CD4552 /* Sources */ = {
			isa = PBXSourcesBuildPhase;
			buildActionMask = 2147483647;
			files = (
				BBC38D931A9D826400CD4552 /* Coding_JamesTests.m in Sources */,
			);
			runOnlyForDeploymentPostprocessing = 0;
		};
/* End PBXSourcesBuildPhase section */

/* Begin PBXTargetDependency section */
		BBC38D8E1A9D826400CD4552 /* PBXTargetDependency */ = {
			isa = PBXTargetDependency;
			target = BBC38D6F1A9D826400CD4552 /* Coding_James */;
			targetProxy = BBC38D8D1A9D826400CD4552 /* PBXContainerItemProxy */;
		};
/* End PBXTargetDependency section */

/* Begin PBXVariantGroup section */
		BBC38D801A9D826400CD4552 /* Main.storyboard */ = {
			isa = PBXVariantGroup;
			children = (
				BBC38D811A9D826400CD4552 /* Base */,
			);
			name = Main.storyboard;
			sourceTree = "<group>";
		};
		BBC38D851A9D826400CD4552 /* LaunchScreen.xib */ = {
			isa = PBXVariantGroup;
			children = (
				BBC38D861A9D826400CD4552 /* Base */,
			);
			name = LaunchScreen.xib;
			sourceTree = "<group>";
		};
/* End PBXVariantGroup section */

/* Begin XCBuildConfiguration section */
		BBC38D941A9D826400CD4552 /* Debug */ = {
			isa = XCBuildConfiguration;
			buildSettings = {
				ALWAYS_SEARCH_USER_PATHS = NO;
				CLANG_CXX_LANGUAGE_STANDARD = "gnu++0x";
				CLANG_CXX_LIBRARY = "libc++";
				CLANG_ENABLE_MODULES = YES;
				CLANG_ENABLE_OBJC_ARC = YES;
				CLANG_WARN_BOOL_CONVERSION = YES;
				CLANG_WARN_CONSTANT_CONVERSION = YES;
				CLANG_WARN_DIRECT_OBJC_ISA_USAGE = YES_ERROR;
				CLANG_WARN_EMPTY_BODY = YES;
				CLANG_WARN_ENUM_CONVERSION = YES;
				CLANG_WARN_INT_CONVERSION = YES;
				CLANG_WARN_OBJC_ROOT_CLASS = YES_ERROR;
				CLANG_WARN_UNREACHABLE_CODE = YES;
				CLANG_WARN__DUPLICATE_METHOD_MATCH = YES;
				"CODE_SIGN_IDENTITY[sdk=iphoneos*]" = "iPhone Developer";
				COPY_PHASE_STRIP = NO;
				ENABLE_STRICT_OBJC_MSGSEND = YES;
				GCC_C_LANGUAGE_STANDARD = gnu99;
				GCC_DYNAMIC_NO_PIC = NO;
				GCC_OPTIMIZATION_LEVEL = 0;
				GCC_PREPROCESSOR_DEFINITIONS = (
					"DEBUG=1",
					"$(inherited)",
				);
				GCC_SYMBOLS_PRIVATE_EXTERN = NO;
				GCC_WARN_64_TO_32_BIT_CONVERSION = YES;
				GCC_WARN_ABOUT_RETURN_TYPE = YES_ERROR;
				GCC_WARN_UNDECLARED_SELECTOR = YES;
				GCC_WARN_UNINITIALIZED_AUTOS = YES_AGGRESSIVE;
				GCC_WARN_UNUSED_FUNCTION = YES;
				GCC_WARN_UNUSED_VARIABLE = YES;
				IPHONEOS_DEPLOYMENT_TARGET = 8.1;
				MTL_ENABLE_DEBUG_INFO = YES;
				ONLY_ACTIVE_ARCH = YES;
				SDKROOT = iphoneos;
			};
			name = Debug;
		};
		BBC38D951A9D826400CD4552 /* Release */ = {
			isa = XCBuildConfiguration;
			buildSettings = {
				ALWAYS_SEARCH_USER_PATHS = NO;
				CLANG_CXX_LANGUAGE_STANDARD = "gnu++0x";
				CLANG_CXX_LIBRARY = "libc++";
				CLANG_ENABLE_MODULES = YES;
				CLANG_ENABLE_OBJC_ARC = YES;
				CLANG_WARN_BOOL_CONVERSION = YES;
				CLANG_WARN_CONSTANT_CONVERSION = YES;
				CLANG_WARN_DIRECT_OBJC_ISA_USAGE = YES_ERROR;
				CLANG_WARN_EMPTY_BODY = YES;
				CLANG_WARN_ENUM_CONVERSION = YES;
				CLANG_WARN_INT_CONVERSION = YES;
				CLANG_WARN_OBJC_ROOT_CLASS = YES_ERROR;
				CLANG_WARN_UNREACHABLE_CODE = YES;
				CLANG_WARN__DUPLICATE_METHOD_MATCH = YES;
				"CODE_SIGN_IDENTITY[sdk=iphoneos*]" = "iPhone Developer";
				COPY_PHASE_STRIP = YES;
				ENABLE_NS_ASSERTIONS = NO;
				ENABLE_STRICT_OBJC_MSGSEND = YES;
				GCC_C_LANGUAGE_STANDARD = gnu99;
				GCC_WARN_64_TO_32_BIT_CONVERSION = YES;
				GCC_WARN_ABOUT_RETURN_TYPE = YES_ERROR;
				GCC_WARN_UNDECLARED_SELECTOR = YES;
				GCC_WARN_UNINITIALIZED_AUTOS = YES_AGGRESSIVE;
				GCC_WARN_UNUSED_FUNCTION = YES;
				GCC_WARN_UNUSED_VARIABLE = YES;
				IPHONEOS_DEPLOYMENT_TARGET = 8.1;
				MTL_ENABLE_DEBUG_INFO = NO;
				SDKROOT = iphoneos;
				VALIDATE_PRODUCT = YES;
			};
			name = Release;
		};
		BBC38D971A9D826400CD4552 /* Debug */ = {
			isa = XCBuildConfiguration;
			buildSettings = {
				ASSETCATALOG_COMPILER_APPICON_NAME = AppIcon;
				INFOPLIST_FILE = Coding_James/Info.plist;
				LD_RUNPATH_SEARCH_PATHS = "$(inherited) @executable_path/Frameworks";
				PRODUCT_NAME = "$(TARGET_NAME)";
			};
			name = Debug;
		};
		BBC38D981A9D826400CD4552 /* Release */ = {
			isa = XCBuildConfiguration;
			buildSettings = {
				ASSETCATALOG_COMPILER_APPICON_NAME = AppIcon;
				INFOPLIST_FILE = Coding_James/Info.plist;
				LD_RUNPATH_SEARCH_PATHS = "$(inherited) @executable_path/Frameworks";
				PRODUCT_NAME = "$(TARGET_NAME)";
			};
			name = Release;
		};
		BBC38D9A1A9D826400CD4552 /* Debug */ = {
			isa = XCBuildConfiguration;
			buildSettings = {
				BUNDLE_LOADER = "$(TEST_HOST)";
				FRAMEWORK_SEARCH_PATHS = (
					"$(SDKROOT)/Developer/Library/Frameworks",
					"$(inherited)",
				);
				GCC_PREPROCESSOR_DEFINITIONS = (
					"DEBUG=1",
					"$(inherited)",
				);
				INFOPLIST_FILE = Coding_JamesTests/Info.plist;
				LD_RUNPATH_SEARCH_PATHS = "$(inherited) @executable_path/Frameworks @loader_path/Frameworks";
				PRODUCT_NAME = "$(TARGET_NAME)";
				TEST_HOST = "$(BUILT_PRODUCTS_DIR)/Coding_James.app/Coding_James";
			};
			name = Debug;
		};
		BBC38D9B1A9D826400CD4552 /* Release */ = {
			isa = XCBuildConfiguration;
			buildSettings = {
				BUNDLE_LOADER = "$(TEST_HOST)";
				FRAMEWORK_SEARCH_PATHS = (
					"$(SDKROOT)/Developer/Library/Frameworks",
					"$(inherited)",
				);
				INFOPLIST_FILE = Coding_JamesTests/Info.plist;
				LD_RUNPATH_SEARCH_PATHS = "$(inherited) @executable_path/Frameworks @loader_path/Frameworks";
				PRODUCT_NAME = "$(TARGET_NAME)";
				TEST_HOST = "$(BUILT_PRODUCTS_DIR)/Coding_James.app/Coding_James";
			};
			name = Release;
		};
/* End XCBuildConfiguration section */

/* Begin XCConfigurationList section */
		BBC38D6B1A9D826400CD4552 /* Build configuration list for PBXProject "Coding_James" */ = {
			isa = XCConfigurationList;
			buildConfigurations = (
				BBC38D941A9D826400CD4552 /* Debug */,
				BBC38D951A9D826400CD4552 /* Release */,
			);
			defaultConfigurationIsVisible = 0;
			defaultConfigurationName = Release;
		};
		BBC38D961A9D826400CD4552 /* Build configuration list for PBXNativeTarget "Coding_James" */ = {
			isa = XCConfigurationList;
			buildConfigurations = (
				BBC38D971A9D826400CD4552 /* Debug */,
				BBC38D981A9D826400CD4552 /* Release */,
			);
			defaultConfigurationIsVisible = 0;
		};
		BBC38D991A9D826400CD4552 /* Build configuration list for PBXNativeTarget "Coding_JamesTests" */ = {
			isa = XCConfigurationList;
			buildConfigurations = (
				BBC38D9A1A9D826400CD4552 /* Debug */,
				BBC38D9B1A9D826400CD4552 /* Release */,
			);
			defaultConfigurationIsVisible = 0;
		};
/* End XCConfigurationList section */

/* Begin XCVersionGroup section */
		BBC38D7A1A9D826400CD4552 /* Coding_James.xcdatamodeld */ = {
			isa = XCVersionGroup;
			children = (
				BBC38D7B1A9D826400CD4552 /* Coding_James.xcdatamodel */,
			);
			currentVersion = BBC38D7B1A9D826400CD4552 /* Coding_James.xcdatamodel */;
			path = Coding_James.xcdatamodeld;
			sourceTree = "<group>";
			versionGroupType = wrapper.xcdatamodel;
		};
/* End XCVersionGroup section */
	};
	rootObject = BBC38D681A9D826400CD4552 /* Project object */;
}
